
Microsoft Visual Studio Solution File, Format Version 12.00
# Visual Studio Version 17
VisualStudioVersion = 17.13.35825.156 d17.13
MinimumVisualStudioVersion = 10.0.40219.1
Project("{FAE04EC0-301F-11D3-BF4B-00C04F79EFBC}") = "reports-service", "reports-service.csproj", "{13782264-C686-4D03-A4B0-1BCB825755AD}"
EndProject
Global
	GlobalSection(SolutionConfigurationPlatforms) = preSolution
		Debug|Any CPU = Debug|Any CPU
		Release|Any CPU = Release|Any CPU
	EndGlobalSection
	GlobalSection(ProjectConfigurationPlatforms) = postSolution
		{13782264-C686-4D03-A4B0-1BCB825755AD}.Debug|Any CPU.ActiveCfg = Debug|Any CPU
		{13782264-C686-4D03-A4B0-1BCB825755AD}.Debug|Any CPU.Build.0 = Debug|Any CPU
		{13782264-C686-4D03-A4B0-1BCB825755AD}.Release|Any CPU.ActiveCfg = Release|Any CPU
		{13782264-C686-4D03-A4B0-1BCB825755AD}.Release|Any CPU.Build.0 = Release|Any CPU
	EndGlobalSection
	GlobalSection(SolutionProperties) = preSolution
		HideSolutionNode = FALSE
	EndGlobalSection
	GlobalSection(ExtensibilityGlobals) = postSolution
		SolutionGuid = {46AEEE31-CAC7-4A20-9139-17CB8649BC56}
	EndGlobalSection
EndGlobal
