
Microsoft Visual Studio Solution File, Format Version 12.00
# Visual Studio Version 17
VisualStudioVersion = 17.13.35825.156 d17.13
MinimumVisualStudioVersion = 10.0.40219.1
Project("{FAE04EC0-301F-11D3-BF4B-00C04F79EFBC}") = "ProductionService", "ProductionService.csproj", "{F9AD44A2-C52D-4C24-AE46-7F780B6D4447}"
EndProject
Global
	GlobalSection(SolutionConfigurationPlatforms) = preSolution
		Debug|Any CPU = Debug|Any CPU
		Release|Any CPU = Release|Any CPU
	EndGlobalSection
	GlobalSection(ProjectConfigurationPlatforms) = postSolution
		{F9AD44A2-C52D-4C24-AE46-7F780B6D4447}.Debug|Any CPU.ActiveCfg = Debug|Any CPU
		{F9AD44A2-C52D-4C24-AE46-7F780B6D4447}.Debug|Any CPU.Build.0 = Debug|Any CPU
		{F9AD44A2-C52D-4C24-AE46-7F780B6D4447}.Release|Any CPU.ActiveCfg = Release|Any CPU
		{F9AD44A2-C52D-4C24-AE46-7F780B6D4447}.Release|Any CPU.Build.0 = Release|Any CPU
	EndGlobalSection
	GlobalSection(SolutionProperties) = preSolution
		HideSolutionNode = FALSE
	EndGlobalSection
	GlobalSection(ExtensibilityGlobals) = postSolution
		SolutionGuid = {EAB86AE0-DA19-4EC6-980E-165E21A3DA8E}
	EndGlobalSection
EndGlobal
