
Microsoft Visual Studio Solution File, Format Version 12.00
# Visual Studio Version 17
VisualStudioVersion = 17.13.35825.156 d17.13
MinimumVisualStudioVersion = 10.0.40219.1
Project("{FAE04EC0-301F-11D3-BF4B-00C04F79EFBC}") = "AuthService", "AuthService.csproj", "{2092AC29-1878-450E-8A75-0F4B66E8DE5B}"
EndProject
Global
	GlobalSection(SolutionConfigurationPlatforms) = preSolution
		Debug|Any CPU = Debug|Any CPU
		Release|Any CPU = Release|Any CPU
	EndGlobalSection
	GlobalSection(ProjectConfigurationPlatforms) = postSolution
		{2092AC29-1878-450E-8A75-0F4B66E8DE5B}.Debug|Any CPU.ActiveCfg = Debug|Any CPU
		{2092AC29-1878-450E-8A75-0F4B66E8DE5B}.Debug|Any CPU.Build.0 = Debug|Any CPU
		{2092AC29-1878-450E-8A75-0F4B66E8DE5B}.Release|Any CPU.ActiveCfg = Release|Any CPU
		{2092AC29-1878-450E-8A75-0F4B66E8DE5B}.Release|Any CPU.Build.0 = Release|Any CPU
	EndGlobalSection
	GlobalSection(SolutionProperties) = preSolution
		HideSolutionNode = FALSE
	EndGlobalSection
	GlobalSection(ExtensibilityGlobals) = postSolution
		SolutionGuid = {7048141C-14CE-44F7-82DA-54D1AAA71530}
	EndGlobalSection
EndGlobal
