
Microsoft Visual Studio Solution File, Format Version 12.00
# Visual Studio Version 17
VisualStudioVersion = 17.13.35825.156 d17.13
MinimumVisualStudioVersion = 10.0.40219.1
Project("{FAE04EC0-301F-11D3-BF4B-00C04F79EFBC}") = "units-service", "units-service.csproj", "{3E19143E-3D31-406F-A889-09228C261AF0}"
EndProject
Global
	GlobalSection(SolutionConfigurationPlatforms) = preSolution
		Debug|Any CPU = Debug|Any CPU
		Release|Any CPU = Release|Any CPU
	EndGlobalSection
	GlobalSection(ProjectConfigurationPlatforms) = postSolution
		{3E19143E-3D31-406F-A889-09228C261AF0}.Debug|Any CPU.ActiveCfg = Debug|Any CPU
		{3E19143E-3D31-406F-A889-09228C261AF0}.Debug|Any CPU.Build.0 = Debug|Any CPU
		{3E19143E-3D31-406F-A889-09228C261AF0}.Release|Any CPU.ActiveCfg = Release|Any CPU
		{3E19143E-3D31-406F-A889-09228C261AF0}.Release|Any CPU.Build.0 = Release|Any CPU
	EndGlobalSection
	GlobalSection(SolutionProperties) = preSolution
		HideSolutionNode = FALSE
	EndGlobalSection
	GlobalSection(ExtensibilityGlobals) = postSolution
		SolutionGuid = {B5C86A9B-69EC-4114-AD39-91EDEB5EA43F}
	EndGlobalSection
EndGlobal
